<?xml version="1.0" encoding="utf-8"?>
<Project ToolsVersion="4.0" xmlns="http://schemas.microsoft.com/developer/msbuild/2003">
  <ItemGroup>
    <Filter Include="Arquivos de Origem">
      <UniqueIdentifier>{4FC737F1-C7A5-4376-A066-2A32D752A2FF}</UniqueIdentifier>
      <Extensions>cpp;c;cc;cxx;c++;cppm;ixx;def;odl;idl;hpj;bat;asm;asmx</Extensions>
    </Filter>
    <Filter Include="Arquivos de Cabeçalho">
      <UniqueIdentifier>{93995380-89BD-4b04-88EB-625FBE52EBFB}</UniqueIdentifier>
      <Extensions>h;hh;hpp;hxx;h++;hm;inl;inc;ipp;xsd</Extensions>
    </Filter>
    <Filter Include="Arquivos de Recurso">
      <UniqueIdentifier>{67DA6AB6-F800-4c08-8B7A-83BB121AAD01}</UniqueIdentifier>
      <Extensions>rc;ico;cur;bmp;dlg;rc2;rct;bin;rgs;gif;jpg;jpeg;jpe;resx;tiff;tif;png;wav;mfcribbon-ms</Extensions>
    </Filter>
    <Filter Include="Shaders">
      <UniqueIdentifier>{f740317f-2ee2-49b1-8df4-4193152e36bd}</UniqueIdentifier>
    </Filter>
    <Filter Include="resources">
      <UniqueIdentifier>{c670cffa-1fd0-4b21-a446-bfd39f8196e2}</UniqueIdentifier>
    </Filter>
    <Filter Include="resources\block_textures">
      <UniqueIdentifier>{fb9c02f5-8d4f-448e-8feb-e7b1e868df42}</UniqueIdentifier>
    </Filter>
    <Filter Include="resources\block_textures\grass">
      <UniqueIdentifier>{cb5424a2-1216-46ca-815b-80d34d384344}</UniqueIdentifier>
    </Filter>
    <Filter Include="resources\block_textures\brick">
      <UniqueIdentifier>{7a7ad781-1613-4346-afbb-972ad94916b2}</UniqueIdentifier>
    </Filter>
  </ItemGroup>
  <ItemGroup>
    <ClCompile Include="main.cpp">
      <Filter>Arquivos de Origem</Filter>
    </ClCompile>
    <ClCompile Include="glad\include\glad\gl.c">
      <Filter>Arquivos de Origem</Filter>
    </ClCompile>
    <ClCompile Include="Shaders\Shader.cpp">
      <Filter>Shaders</Filter>
    </ClCompile>
    <ClCompile Include="VBO.cpp">
      <Filter>Arquivos de Origem</Filter>
    </ClCompile>
    <ClCompile Include="EBO.cpp">
      <Filter>Arquivos de Origem</Filter>
    </ClCompile>
    <ClCompile Include="VAO.cpp">
      <Filter>Arquivos de Origem</Filter>
    </ClCompile>
    <ClCompile Include="Room.cpp">
      <Filter>Arquivos de Origem</Filter>
    </ClCompile>
  </ItemGroup>
  <ItemGroup>
    <ClInclude Include="glad\include\glad\gl.h">
      <Filter>Arquivos de Cabeçalho</Filter>
    </ClInclude>
    <ClInclude Include="VBO.h">
      <Filter>Arquivos de Cabeçalho</Filter>
    </ClInclude>
    <ClInclude Include="EBO.h">
      <Filter>Arquivos de Cabeçalho</Filter>
    </ClInclude>
    <ClInclude Include="VAO.h">
      <Filter>Arquivos de Cabeçalho</Filter>
    </ClInclude>
    <ClInclude Include="Mesh.h">
      <Filter>Arquivos de Cabeçalho</Filter>
    </ClInclude>
    <ClInclude Include="Primitives.h">
      <Filter>Arquivos de Cabeçalho</Filter>
    </ClInclude>
    <ClInclude Include="Room.h">
      <Filter>Arquivos de Cabeçalho</Filter>
    </ClInclude>
    <ClInclude Include="Shader.h">
      <Filter>Arquivos de Cabeçalho</Filter>
    </ClInclude>
  </ItemGroup>
  <ItemGroup>
    <Image Include="resources\block_textures\grass\grass_block_bottom.jpg">
      <Filter>resources\block_textures\grass</Filter>
    </Image>
    <Image Include="resources\block_textures\grass\grass_block_top.jpg">
      <Filter>resources\block_textures\grass</Filter>
    </Image>
    <Image Include="resources\block_textures\grass\grass_block.jpg">
      <Filter>resources\block_textures\grass</Filter>
    </Image>
    <Image Include="resources\block_textures\brick\brick_text.jpg">
      <Filter>resources\block_textures\brick</Filter>
    </Image>
  </ItemGroup>
  <ItemGroup>
    <None Include="Shaders\SquareFragmentShader.glsl">
      <Filter>Shaders</Filter>
    </None>
    <None Include="Shaders\SquareVertexShader.glsl">
      <Filter>Shaders</Filter>
    </None>
    <None Include="Shaders\LightFragmentShader.glsl">
      <Filter>Shaders</Filter>
    </None>
    <None Include="Shaders\LightVertexShader.glsl">
      <Filter>Shaders</Filter>
    </None>
  </ItemGroup>
</Project>